// !$*UTF8*$!
{
	archiveVersion = 1;
	classes = {
	};
	objectVersion = 46;
	objects = {

/* Begin PBXBuildFile section */
		7CE74DFE1C993E2C002DD59C /* main.m in Sources */ = {isa = PBXBuildFile; fileRef = 7CE74DFD1C993E2C002DD59C /* main.m */; };
		7CE74E011C993E2C002DD59C /* AppDelegate.m in Sources */ = {isa = PBXBuildFile; fileRef = 7CE74E001C993E2C002DD59C /* AppDelegate.m */; };
		7CE74E071C993E2C002DD59C /* Main.storyboard in Resources */ = {isa = PBXBuildFile; fileRef = 7CE74E051C993E2C002DD59C /* Main.storyboard */; };
		7CE74E0A1C993E2C002DD59C /* MyDoctor_iOS.xcdatamodeld in Sources */ = {isa = PBXBuildFile; fileRef = 7CE74E081C993E2C002DD59C /* MyDoctor_iOS.xcdatamodeld */; };
		7CE74E0C1C993E2C002DD59C /* Assets.xcassets in Resources */ = {isa = PBXBuildFile; fileRef = 7CE74E0B1C993E2C002DD59C /* Assets.xcassets */; };
		7CE74E0F1C993E2C002DD59C /* LaunchScreen.storyboard in Resources */ = {isa = PBXBuildFile; fileRef = 7CE74E0D1C993E2C002DD59C /* LaunchScreen.storyboard */; };
		7CE74E181C996BF3002DD59C /* MainViewController.m in Sources */ = {isa = PBXBuildFile; fileRef = 7CE74E171C996BF3002DD59C /* MainViewController.m */; };
/* End PBXBuildFile section */

/* Begin PBXFileReference section */
		7CE74DF91C993E2C002DD59C /* MyDoctor-iOS.app */ = {isa = PBXFileReference; explicitFileType = wrapper.application; includeInIndex = 0; path = "MyDoctor-iOS.app"; sourceTree = BUILT_PRODUCTS_DIR; };
		7CE74DFD1C993E2C002DD59C /* main.m */ = {isa = PBXFileReference; lastKnownFileType = sourcecode.c.objc; path = main.m; sourceTree = "<group>"; };
		7CE74DFF1C993E2C002DD59C /* AppDelegate.h */ = {isa = PBXFileReference; lastKnownFileType = sourcecode.c.h; path = AppDelegate.h; sourceTree = "<group>"; };
		7CE74E001C993E2C002DD59C /* AppDelegate.m */ = {isa = PBXFileReference; lastKnownFileType = sourcecode.c.objc; path = AppDelegate.m; sourceTree = "<group>"; };
		7CE74E061C993E2C002DD59C /* Base */ = {isa = PBXFileReference; lastKnownFileType = file.storyboard; name = Base; path = Base.lproj/Main.storyboard; sourceTree = "<group>"; };
		7CE74E091C993E2C002DD59C /* MyDoctor_iOS.xcdatamodel */ = {isa = PBXFileReference; lastKnownFileType = wrapper.xcdatamodel; path = MyDoctor_iOS.xcdatamodel; sourceTree = "<group>"; };
		7CE74E0B1C993E2C002DD59C /* Assets.xcassets */ = {isa = PBXFileReference; lastKnownFileType = folder.assetcatalog; path = Assets.xcassets; sourceTree = "<group>"; };
		7CE74E0E1C993E2C002DD59C /* Base */ = {isa = PBXFileReference; lastKnownFileType = file.storyboard; name = Base; path = Base.lproj/LaunchScreen.storyboard; sourceTree = "<group>"; };
		7CE74E101C993E2C002DD59C /* Info.plist */ = {isa = PBXFileReference; lastKnownFileType = text.plist.xml; path = Info.plist; sourceTree = "<group>"; };
		7CE74E161C996BF3002DD59C /* MainViewController.h */ = {isa = PBXFileReference; fileEncoding = 4; lastKnownFileType = sourcecode.c.h; name = MainViewController.h; path = Controllers/MainViewController.h; sourceTree = "<group>"; };
		7CE74E171C996BF3002DD59C /* MainViewController.m */ = {isa = PBXFileReference; fileEncoding = 4; lastKnownFileType = sourcecode.c.objc; name = MainViewController.m; path = Controllers/MainViewController.m; sourceTree = "<group>"; };
/* End PBXFileReference section */

/* Begin PBXFrameworksBuildPhase section */
		7CE74DF61C993E2C002DD59C /* Frameworks */ = {
			isa = PBXFrameworksBuildPhase;
			buildActionMask = 2147483647;
			files = (
			);
			runOnlyForDeploymentPostprocessing = 0;
		};
/* End PBXFrameworksBuildPhase section */

/* Begin PBXGroup section */
		7CE74DF01C993E2B002DD59C = {
			isa = PBXGroup;
			children = (
				7CE74DFB1C993E2C002DD59C /* MyDoctor-iOS */,
				7CE74DFA1C993E2C002DD59C /* Products */,
			);
			sourceTree = "<group>";
		};
		7CE74DFA1C993E2C002DD59C /* Products */ = {
			isa = PBXGroup;
			children = (
				7CE74DF91C993E2C002DD59C /* MyDoctor-iOS.app */,
			);
			name = Products;
			sourceTree = "<group>";
		};
		7CE74DFB1C993E2C002DD59C /* MyDoctor-iOS */ = {
			isa = PBXGroup;
			children = (
				7CE74E191C996BF8002DD59C /* Controllers */,
				7CE74DFF1C993E2C002DD59C /* AppDelegate.h */,
				7CE74E001C993E2C002DD59C /* AppDelegate.m */,
				7CE74E051C993E2C002DD59C /* Main.storyboard */,
				7CE74E0B1C993E2C002DD59C /* Assets.xcassets */,
				7CE74E0D1C993E2C002DD59C /* LaunchScreen.storyboard */,
				7CE74E101C993E2C002DD59C /* Info.plist */,
				7CE74E081C993E2C002DD59C /* MyDoctor_iOS.xcdatamodeld */,
				7CE74DFC1C993E2C002DD59C /* Supporting Files */,
			);
			path = "MyDoctor-iOS";
			sourceTree = "<group>";
		};
		7CE74DFC1C993E2C002DD59C /* Supporting Files */ = {
			isa = PBXGroup;
			children = (
				7CE74DFD1C993E2C002DD59C /* main.m */,
			);
			name = "Supporting Files";
			sourceTree = "<group>";
		};
		7CE74E191C996BF8002DD59C /* Controllers */ = {
			isa = PBXGroup;
			children = (
				7CE74E161C996BF3002DD59C /* MainViewController.h */,
				7CE74E171C996BF3002DD59C /* MainViewController.m */,
			);
			name = Controllers;
			sourceTree = "<group>";
		};
/* End PBXGroup section */

/* Begin PBXNativeTarget section */
		7CE74DF81C993E2C002DD59C /* MyDoctor-iOS */ = {
			isa = PBXNativeTarget;
			buildConfigurationList = 7CE74E131C993E2C002DD59C /* Build configuration list for PBXNativeTarget "MyDoctor-iOS" */;
			buildPhases = (
				7CE74DF51C993E2C002DD59C /* Sources */,
				7CE74DF61C993E2C002DD59C /* Frameworks */,
				7CE74DF71C993E2C002DD59C /* Resources */,
			);
			buildRules = (
			);
			dependencies = (
			);
			name = "MyDoctor-iOS";
			productName = "MyDoctor-iOS";
			productReference = 7CE74DF91C993E2C002DD59C /* MyDoctor-iOS.app */;
			productType = "com.apple.product-type.application";
		};
/* End PBXNativeTarget section */

/* Begin PBXProject section */
		7CE74DF11C993E2B002DD59C /* Project object */ = {
			isa = PBXProject;
			attributes = {
				LastUpgradeCheck = 0720;
				ORGANIZATIONNAME = Appmonkeyz;
				TargetAttributes = {
					7CE74DF81C993E2C002DD59C = {
						CreatedOnToolsVersion = 7.2;
					};
				};
			};
			buildConfigurationList = 7CE74DF41C993E2B002DD59C /* Build configuration list for PBXProject "MyDoctor-iOS" */;
			compatibilityVersion = "Xcode 3.2";
			developmentRegion = English;
			hasScannedForEncodings = 0;
			knownRegions = (
				en,
				Base,
			);
			mainGroup = 7CE74DF01C993E2B002DD59C;
			productRefGroup = 7CE74DFA1C993E2C002DD59C /* Products */;
			projectDirPath = "";
			projectRoot = "";
			targets = (
				7CE74DF81C993E2C002DD59C /* MyDoctor-iOS */,
			);
		};
/* End PBXProject section */

/* Begin PBXResourcesBuildPhase section */
		7CE74DF71C993E2C002DD59C /* Resources */ = {
			isa = PBXResourcesBuildPhase;
			buildActionMask = 2147483647;
			files = (
				7CE74E0F1C993E2C002DD59C /* LaunchScreen.storyboard in Resources */,
				7CE74E0C1C993E2C002DD59C /* Assets.xcassets in Resources */,
				7CE74E071C993E2C002DD59C /* Main.storyboard in Resources */,
			);
			runOnlyForDeploymentPostprocessing = 0;
		};
/* End PBXResourcesBuildPhase section */

/* Begin PBXSourcesBuildPhase section */
		7CE74DF51C993E2C002DD59C /* Sources */ = {
			isa = PBXSourcesBuildPhase;
			buildActionMask = 2147483647;
			files = (
				7CE74E0A1C993E2C002DD59C /* MyDoctor_iOS.xcdatamodeld in Sources */,
				7CE74E011C993E2C002DD59C /* AppDelegate.m in Sources */,
				7CE74DFE1C993E2C002DD59C /* main.m in Sources */,
				7CE74E181C996BF3002DD59C /* MainViewController.m in Sources */,
			);
			runOnlyForDeploymentPostprocessing = 0;
		};
/* End PBXSourcesBuildPhase section */

/* Begin PBXVariantGroup section */
		7CE74E051C993E2C002DD59C /* Main.storyboard */ = {
			isa = PBXVariantGroup;
			children = (
				7CE74E061C993E2C002DD59C /* Base */,
			);
			name = Main.storyboard;
			sourceTree = "<group>";
		};
		7CE74E0D1C993E2C002DD59C /* LaunchScreen.storyboard */ = {
			isa = PBXVariantGroup;
			children = (
				7CE74E0E1C993E2C002DD59C /* Base */,
			);
			name = LaunchScreen.storyboard;
			sourceTree = "<group>";
		};
/* End PBXVariantGroup section */

/* Begin XCBuildConfiguration section */
		7CE74E111C993E2C002DD59C /* Debug */ = {
			isa = XCBuildConfiguration;
			buildSettings = {
				ALWAYS_SEARCH_USER_PATHS = NO;
				CLANG_CXX_LANGUAGE_STANDARD = "gnu++0x";
				CLANG_CXX_LIBRARY = "libc++";
				CLANG_ENABLE_MODULES = YES;
				CLANG_ENABLE_OBJC_ARC = YES;
				CLANG_WARN_BOOL_CONVERSION = YES;
				CLANG_WARN_CONSTANT_CONVERSION = YES;
				CLANG_WARN_DIRECT_OBJC_ISA_USAGE = YES_ERROR;
				CLANG_WARN_EMPTY_BODY = YES;
				CLANG_WARN_ENUM_CONVERSION = YES;
				CLANG_WARN_INT_CONVERSION = YES;
				CLANG_WARN_OBJC_ROOT_CLASS = YES_ERROR;
				CLANG_WARN_UNREACHABLE_CODE = YES;
				CLANG_WARN__DUPLICATE_METHOD_MATCH = YES;
				"CODE_SIGN_IDENTITY[sdk=iphoneos*]" = "iPhone Developer";
				COPY_PHASE_STRIP = NO;
				DEBUG_INFORMATION_FORMAT = dwarf;
				ENABLE_STRICT_OBJC_MSGSEND = YES;
				ENABLE_TESTABILITY = YES;
				GCC_C_LANGUAGE_STANDARD = gnu99;
				GCC_DYNAMIC_NO_PIC = NO;
				GCC_NO_COMMON_BLOCKS = YES;
				GCC_OPTIMIZATION_LEVEL = 0;
				GCC_PREPROCESSOR_DEFINITIONS = (
					"DEBUG=1",
					"$(inherited)",
				);
				GCC_WARN_64_TO_32_BIT_CONVERSION = YES;
				GCC_WARN_ABOUT_RETURN_TYPE = YES_ERROR;
				GCC_WARN_UNDECLARED_SELECTOR = YES;
				GCC_WARN_UNINITIALIZED_AUTOS = YES_AGGRESSIVE;
				GCC_WARN_UNUSED_FUNCTION = YES;
				GCC_WARN_UNUSED_VARIABLE = YES;
				IPHONEOS_DEPLOYMENT_TARGET = 7.1;
				MTL_ENABLE_DEBUG_INFO = YES;
				ONLY_ACTIVE_ARCH = YES;
				SDKROOT = iphoneos;
			};
			name = Debug;
		};
		7CE74E121C993E2C002DD59C /* Release */ = {
			isa = XCBuildConfiguration;
			buildSettings = {
				ALWAYS_SEARCH_USER_PATHS = NO;
				CLANG_CXX_LANGUAGE_STANDARD = "gnu++0x";
				CLANG_CXX_LIBRARY = "libc++";
				CLANG_ENABLE_MODULES = YES;
				CLANG_ENABLE_OBJC_ARC = YES;
				CLANG_WARN_BOOL_CONVERSION = YES;
				CLANG_WARN_CONSTANT_CONVERSION = YES;
				CLANG_WARN_DIRECT_OBJC_ISA_USAGE = YES_ERROR;
				CLANG_WARN_EMPTY_BODY = YES;
				CLANG_WARN_ENUM_CONVERSION = YES;
				CLANG_WARN_INT_CONVERSION = YES;
				CLANG_WARN_OBJC_ROOT_CLASS = YES_ERROR;
				CLANG_WARN_UNREACHABLE_CODE = YES;
				CLANG_WARN__DUPLICATE_METHOD_MATCH = YES;
				"CODE_SIGN_IDENTITY[sdk=iphoneos*]" = "iPhone Developer";
				COPY_PHASE_STRIP = NO;
				DEBUG_INFORMATION_FORMAT = "dwarf-with-dsym";
				ENABLE_NS_ASSERTIONS = NO;
				ENABLE_STRICT_OBJC_MSGSEND = YES;
				GCC_C_LANGUAGE_STANDARD = gnu99;
				GCC_NO_COMMON_BLOCKS = YES;
				GCC_WARN_64_TO_32_BIT_CONVERSION = YES;
				GCC_WARN_ABOUT_RETURN_TYPE = YES_ERROR;
				GCC_WARN_UNDECLARED_SELECTOR = YES;
				GCC_WARN_UNINITIALIZED_AUTOS = YES_AGGRESSIVE;
				GCC_WARN_UNUSED_FUNCTION = YES;
				GCC_WARN_UNUSED_VARIABLE = YES;
				IPHONEOS_DEPLOYMENT_TARGET = 7.1;
				MTL_ENABLE_DEBUG_INFO = NO;
				SDKROOT = iphoneos;
				VALIDATE_PRODUCT = YES;
			};
			name = Release;
		};
		7CE74E141C993E2C002DD59C /* Debug */ = {
			isa = XCBuildConfiguration;
			buildSettings = {
				ASSETCATALOG_COMPILER_APPICON_NAME = AppIcon;
				INFOPLIST_FILE = "MyDoctor-iOS/Info.plist";
				IPHONEOS_DEPLOYMENT_TARGET = 7.1;
				LD_RUNPATH_SEARCH_PATHS = "$(inherited) @executable_path/Frameworks";
				PRODUCT_BUNDLE_IDENTIFIER = "com.appmonkeyz.MyDoctor-iOS";
				PRODUCT_NAME = "$(TARGET_NAME)";
			};
			name = Debug;
		};
		7CE74E151C993E2C002DD59C /* Release */ = {
			isa = XCBuildConfiguration;
			buildSettings = {
				ASSETCATALOG_COMPILER_APPICON_NAME = AppIcon;
				INFOPLIST_FILE = "MyDoctor-iOS/Info.plist";
				IPHONEOS_DEPLOYMENT_TARGET = 7.1;
				LD_RUNPATH_SEARCH_PATHS = "$(inherited) @executable_path/Frameworks";
				PRODUCT_BUNDLE_IDENTIFIER = "com.appmonkeyz.MyDoctor-iOS";
				PRODUCT_NAME = "$(TARGET_NAME)";
			};
			name = Release;
		};
/* End XCBuildConfiguration section */

/* Begin XCConfigurationList section */
		7CE74DF41C993E2B002DD59C /* Build configuration list for PBXProject "MyDoctor-iOS" */ = {
			isa = XCConfigurationList;
			buildConfigurations = (
				7CE74E111C993E2C002DD59C /* Debug */,
				7CE74E121C993E2C002DD59C /* Release */,
			);
			defaultConfigurationIsVisible = 0;
			defaultConfigurationName = Release;
		};
		7CE74E131C993E2C002DD59C /* Build configuration list for PBXNativeTarget "MyDoctor-iOS" */ = {
			isa = XCConfigurationList;
			buildConfigurations = (
				7CE74E141C993E2C002DD59C /* Debug */,
				7CE74E151C993E2C002DD59C /* Release */,
			);
			defaultConfigurationIsVisible = 0;
		};
/* End XCConfigurationList section */

/* Begin XCVersionGroup section */
		7CE74E081C993E2C002DD59C /* MyDoctor_iOS.xcdatamodeld */ = {
			isa = XCVersionGroup;
			children = (
				7CE74E091C993E2C002DD59C /* MyDoctor_iOS.xcdatamodel */,
			);
			currentVersion = 7CE74E091C993E2C002DD59C /* MyDoctor_iOS.xcdatamodel */;
			path = MyDoctor_iOS.xcdatamodeld;
			sourceTree = "<group>";
			versionGroupType = wrapper.xcdatamodel;
		};
/* End XCVersionGroup section */
	};
	rootObject = 7CE74DF11C993E2B002DD59C /* Project object */;
}
